
Microsoft Visual Studio Solution File, Format Version 12.00
# Visual Studio Version 17
VisualStudioVersion = 17.0.31903.59
MinimumVisualStudioVersion = 10.0.40219.1
Project("{2150E333-8FDC-42A3-9474-1A3956D46DE8}") = "services", "services", "{5854FF58-B8C5-05C6-5BF2-ACE42193F22B}"
EndProject
Project("{FAE04EC0-301F-11D3-BF4B-00C04F79EFBC}") = "IdentityService", "services\IdentityService\IdentityService.csproj", "{18447EAA-6DE1-450B-A62B-EDC0766A5143}"
EndProject
Project("{FAE04EC0-301F-11D3-BF4B-00C04F79EFBC}") = "CatalogService", "services\CatalogService\CatalogService.csproj", "{46084771-A9DA-4DF0-8E0E-5DB62233AFD2}"
EndProject
Project("{FAE04EC0-301F-11D3-BF4B-00C04F79EFBC}") = "BookingService", "services\BookingService\BookingService.csproj", "{744369BB-4CD7-449F-B4FB-77FF8F3E7483}"
EndProject
Project("{FAE04EC0-301F-11D3-BF4B-00C04F79EFBC}") = "ReportingService", "services\ReportingService\ReportingService.csproj", "{9F1163C3-8F68-4EF7-B1D1-1655BDC79E16}"
EndProject
Project("{2150E333-8FDC-42A3-9474-1A3956D46DE8}") = "tests", "tests", "{0AB3BF05-4346-4AA6-1389-037BE0695223}"
EndProject
Project("{FAE04EC0-301F-11D3-BF4B-00C04F79EFBC}") = "IdentityService.Tests", "tests\IdentityService.Tests\IdentityService.Tests.csproj", "{47AA3D10-EBB8-42B9-8537-DBC74D03243E}"
EndProject
Project("{FAE04EC0-301F-11D3-BF4B-00C04F79EFBC}") = "CatalogService.Tests", "tests\CatalogService.Tests\CatalogService.Tests.csproj", "{B5D3E297-43D0-46BD-9804-A2C99B817DE1}"
EndProject
Global
	GlobalSection(SolutionConfigurationPlatforms) = preSolution
		Debug|Any CPU = Debug|Any CPU
		Debug|x64 = Debug|x64
		Debug|x86 = Debug|x86
		Release|Any CPU = Release|Any CPU
		Release|x64 = Release|x64
		Release|x86 = Release|x86
	EndGlobalSection
	GlobalSection(ProjectConfigurationPlatforms) = postSolution
		{18447EAA-6DE1-450B-A62B-EDC0766A5143}.Debug|Any CPU.ActiveCfg = Debug|Any CPU
		{18447EAA-6DE1-450B-A62B-EDC0766A5143}.Debug|Any CPU.Build.0 = Debug|Any CPU
		{18447EAA-6DE1-450B-A62B-EDC0766A5143}.Debug|x64.ActiveCfg = Debug|Any CPU
		{18447EAA-6DE1-450B-A62B-EDC0766A5143}.Debug|x64.Build.0 = Debug|Any CPU
		{18447EAA-6DE1-450B-A62B-EDC0766A5143}.Debug|x86.ActiveCfg = Debug|Any CPU
		{18447EAA-6DE1-450B-A62B-EDC0766A5143}.Debug|x86.Build.0 = Debug|Any CPU
		{18447EAA-6DE1-450B-A62B-EDC0766A5143}.Release|Any CPU.ActiveCfg = Release|Any CPU
		{18447EAA-6DE1-450B-A62B-EDC0766A5143}.Release|Any CPU.Build.0 = Release|Any CPU
		{18447EAA-6DE1-450B-A62B-EDC0766A5143}.Release|x64.ActiveCfg = Release|Any CPU
		{18447EAA-6DE1-450B-A62B-EDC0766A5143}.Release|x64.Build.0 = Release|Any CPU
		{18447EAA-6DE1-450B-A62B-EDC0766A5143}.Release|x86.ActiveCfg = Release|Any CPU
		{18447EAA-6DE1-450B-A62B-EDC0766A5143}.Release|x86.Build.0 = Release|Any CPU
		{46084771-A9DA-4DF0-8E0E-5DB62233AFD2}.Debug|Any CPU.ActiveCfg = Debug|Any CPU
		{46084771-A9DA-4DF0-8E0E-5DB62233AFD2}.Debug|Any CPU.Build.0 = Debug|Any CPU
		{46084771-A9DA-4DF0-8E0E-5DB62233AFD2}.Debug|x64.ActiveCfg = Debug|Any CPU
		{46084771-A9DA-4DF0-8E0E-5DB62233AFD2}.Debug|x64.Build.0 = Debug|Any CPU
		{46084771-A9DA-4DF0-8E0E-5DB62233AFD2}.Debug|x86.ActiveCfg = Debug|Any CPU
		{46084771-A9DA-4DF0-8E0E-5DB62233AFD2}.Debug|x86.Build.0 = Debug|Any CPU
		{46084771-A9DA-4DF0-8E0E-5DB62233AFD2}.Release|Any CPU.ActiveCfg = Release|Any CPU
		{46084771-A9DA-4DF0-8E0E-5DB62233AFD2}.Release|Any CPU.Build.0 = Release|Any CPU
		{46084771-A9DA-4DF0-8E0E-5DB62233AFD2}.Release|x64.ActiveCfg = Release|Any CPU
		{46084771-A9DA-4DF0-8E0E-5DB62233AFD2}.Release|x64.Build.0 = Release|Any CPU
		{46084771-A9DA-4DF0-8E0E-5DB62233AFD2}.Release|x86.ActiveCfg = Release|Any CPU
		{46084771-A9DA-4DF0-8E0E-5DB62233AFD2}.Release|x86.Build.0 = Release|Any CPU
		{744369BB-4CD7-449F-B4FB-77FF8F3E7483}.Debug|Any CPU.ActiveCfg = Debug|Any CPU
		{744369BB-4CD7-449F-B4FB-77FF8F3E7483}.Debug|Any CPU.Build.0 = Debug|Any CPU
		{744369BB-4CD7-449F-B4FB-77FF8F3E7483}.Debug|x64.ActiveCfg = Debug|Any CPU
		{744369BB-4CD7-449F-B4FB-77FF8F3E7483}.Debug|x64.Build.0 = Debug|Any CPU
		{744369BB-4CD7-449F-B4FB-77FF8F3E7483}.Debug|x86.ActiveCfg = Debug|Any CPU
		{744369BB-4CD7-449F-B4FB-77FF8F3E7483}.Debug|x86.Build.0 = Debug|Any CPU
		{744369BB-4CD7-449F-B4FB-77FF8F3E7483}.Release|Any CPU.ActiveCfg = Release|Any CPU
		{744369BB-4CD7-449F-B4FB-77FF8F3E7483}.Release|Any CPU.Build.0 = Release|Any CPU
		{744369BB-4CD7-449F-B4FB-77FF8F3E7483}.Release|x64.ActiveCfg = Release|Any CPU
		{744369BB-4CD7-449F-B4FB-77FF8F3E7483}.Release|x64.Build.0 = Release|Any CPU
		{744369BB-4CD7-449F-B4FB-77FF8F3E7483}.Release|x86.ActiveCfg = Release|Any CPU
		{744369BB-4CD7-449F-B4FB-77FF8F3E7483}.Release|x86.Build.0 = Release|Any CPU
		{9F1163C3-8F68-4EF7-B1D1-1655BDC79E16}.Debug|Any CPU.ActiveCfg = Debug|Any CPU
		{9F1163C3-8F68-4EF7-B1D1-1655BDC79E16}.Debug|Any CPU.Build.0 = Debug|Any CPU
		{9F1163C3-8F68-4EF7-B1D1-1655BDC79E16}.Debug|x64.ActiveCfg = Debug|Any CPU
		{9F1163C3-8F68-4EF7-B1D1-1655BDC79E16}.Debug|x64.Build.0 = Debug|Any CPU
		{9F1163C3-8F68-4EF7-B1D1-1655BDC79E16}.Debug|x86.ActiveCfg = Debug|Any CPU
		{9F1163C3-8F68-4EF7-B1D1-1655BDC79E16}.Debug|x86.Build.0 = Debug|Any CPU
		{9F1163C3-8F68-4EF7-B1D1-1655BDC79E16}.Release|Any CPU.ActiveCfg = Release|Any CPU
		{9F1163C3-8F68-4EF7-B1D1-1655BDC79E16}.Release|Any CPU.Build.0 = Release|Any CPU
		{9F1163C3-8F68-4EF7-B1D1-1655BDC79E16}.Release|x64.ActiveCfg = Release|Any CPU
		{9F1163C3-8F68-4EF7-B1D1-1655BDC79E16}.Release|x64.Build.0 = Release|Any CPU
		{9F1163C3-8F68-4EF7-B1D1-1655BDC79E16}.Release|x86.ActiveCfg = Release|Any CPU
		{9F1163C3-8F68-4EF7-B1D1-1655BDC79E16}.Release|x86.Build.0 = Release|Any CPU
		{47AA3D10-EBB8-42B9-8537-DBC74D03243E}.Debug|Any CPU.ActiveCfg = Debug|Any CPU
		{47AA3D10-EBB8-42B9-8537-DBC74D03243E}.Debug|Any CPU.Build.0 = Debug|Any CPU
		{47AA3D10-EBB8-42B9-8537-DBC74D03243E}.Debug|x64.ActiveCfg = Debug|Any CPU
		{47AA3D10-EBB8-42B9-8537-DBC74D03243E}.Debug|x64.Build.0 = Debug|Any CPU
		{47AA3D10-EBB8-42B9-8537-DBC74D03243E}.Debug|x86.ActiveCfg = Debug|Any CPU
		{47AA3D10-EBB8-42B9-8537-DBC74D03243E}.Debug|x86.Build.0 = Debug|Any CPU
		{47AA3D10-EBB8-42B9-8537-DBC74D03243E}.Release|Any CPU.ActiveCfg = Release|Any CPU
		{47AA3D10-EBB8-42B9-8537-DBC74D03243E}.Release|Any CPU.Build.0 = Release|Any CPU
		{47AA3D10-EBB8-42B9-8537-DBC74D03243E}.Release|x64.ActiveCfg = Release|Any CPU
		{47AA3D10-EBB8-42B9-8537-DBC74D03243E}.Release|x64.Build.0 = Release|Any CPU
		{47AA3D10-EBB8-42B9-8537-DBC74D03243E}.Release|x86.ActiveCfg = Release|Any CPU
		{47AA3D10-EBB8-42B9-8537-DBC74D03243E}.Release|x86.Build.0 = Release|Any CPU
		{B5D3E297-43D0-46BD-9804-A2C99B817DE1}.Debug|Any CPU.ActiveCfg = Debug|Any CPU
		{B5D3E297-43D0-46BD-9804-A2C99B817DE1}.Debug|Any CPU.Build.0 = Debug|Any CPU
		{B5D3E297-43D0-46BD-9804-A2C99B817DE1}.Debug|x64.ActiveCfg = Debug|Any CPU
		{B5D3E297-43D0-46BD-9804-A2C99B817DE1}.Debug|x64.Build.0 = Debug|Any CPU
		{B5D3E297-43D0-46BD-9804-A2C99B817DE1}.Debug|x86.ActiveCfg = Debug|Any CPU
		{B5D3E297-43D0-46BD-9804-A2C99B817DE1}.Debug|x86.Build.0 = Debug|Any CPU
		{B5D3E297-43D0-46BD-9804-A2C99B817DE1}.Release|Any CPU.ActiveCfg = Release|Any CPU
		{B5D3E297-43D0-46BD-9804-A2C99B817DE1}.Release|Any CPU.Build.0 = Release|Any CPU
		{B5D3E297-43D0-46BD-9804-A2C99B817DE1}.Release|x64.ActiveCfg = Release|Any CPU
		{B5D3E297-43D0-46BD-9804-A2C99B817DE1}.Release|x64.Build.0 = Release|Any CPU
		{B5D3E297-43D0-46BD-9804-A2C99B817DE1}.Release|x86.ActiveCfg = Release|Any CPU
		{B5D3E297-43D0-46BD-9804-A2C99B817DE1}.Release|x86.Build.0 = Release|Any CPU
	EndGlobalSection
	GlobalSection(SolutionProperties) = preSolution
		HideSolutionNode = FALSE
	EndGlobalSection
	GlobalSection(NestedProjects) = preSolution
		{18447EAA-6DE1-450B-A62B-EDC0766A5143} = {5854FF58-B8C5-05C6-5BF2-ACE42193F22B}
		{46084771-A9DA-4DF0-8E0E-5DB62233AFD2} = {5854FF58-B8C5-05C6-5BF2-ACE42193F22B}
		{744369BB-4CD7-449F-B4FB-77FF8F3E7483} = {5854FF58-B8C5-05C6-5BF2-ACE42193F22B}
		{9F1163C3-8F68-4EF7-B1D1-1655BDC79E16} = {5854FF58-B8C5-05C6-5BF2-ACE42193F22B}
		{47AA3D10-EBB8-42B9-8537-DBC74D03243E} = {0AB3BF05-4346-4AA6-1389-037BE0695223}
		{B5D3E297-43D0-46BD-9804-A2C99B817DE1} = {0AB3BF05-4346-4AA6-1389-037BE0695223}
	EndGlobalSection
EndGlobal
